{
  "name": "06-apps-aldo-f-github-io",
  "version": "1.0.0",
  "lockfileVersion": 3,
  "requires": true,
  "packages": {
    "": {
      "name": "06-apps-aldo-f-github-io",
      "version": "1.0.0",
      "license": "ISC",
      "dependencies": {
        "js-blanky": "^2.0.1"
      }
    },
    "node_modules/js-blanky": {
      "version": "2.0.1",
      "resolved": "https://registry.npmjs.org/js-blanky/-/js-blanky-2.0.1.tgz",
      "integrity": "sha512-GSP8IKTv4rxgf+YU+9X99Yt/FmMsKWX/jGr7VInWxHdXUsI9GVuQ3VjylcvN0rP+mShWe5QRlAqh7vijcCmM2g==",
      "license": "ISC"
    }
  }
}
